// !$*UTF8*$!
{
	archiveVersion = 1;
	classes = {
	};
	objectVersion = 56;
	objects = {

/* Begin PBXBuildFile section */
		7E1E2FAD2A5C2DAA00927922 /* InfoPlist.strings in Resources */ = {isa = PBXBuildFile; fileRef = 7E1E2FAF2A5C2DAA00927922 /* InfoPlist.strings */; };
		7E1ED8342A408FD900C777F3 /* MFOAppApp.swift in Sources */ = {isa = PBXBuildFile; fileRef = 7E1ED8332A408FD900C777F3 /* MFOAppApp.swift */; };
		7E1ED8362A408FD900C777F3 /* ContentView.swift in Sources */ = {isa = PBXBuildFile; fileRef = 7E1ED8352A408FD900C777F3 /* ContentView.swift */; };
		7E1ED8382A408FDA00C777F3 /* Assets.xcassets in Resources */ = {isa = PBXBuildFile; fileRef = 7E1ED8372A408FDA00C777F3 /* Assets.xcassets */; };
		7E1ED83B2A408FDA00C777F3 /* Preview Assets.xcassets in Resources */ = {isa = PBXBuildFile; fileRef = 7E1ED83A2A408FDA00C777F3 /* Preview Assets.xcassets */; };
		7E1ED8502A4090E300C777F3 /* LoadView.swift in Sources */ = {isa = PBXBuildFile; fileRef = 7E1ED84F2A4090E300C777F3 /* LoadView.swift */; };
		7E1ED85C2A40916800C777F3 /* CreditCenterWebView.swift in Sources */ = {isa = PBXBuildFile; fileRef = 7E1ED85B2A40916800C777F3 /* CreditCenterWebView.swift */; };
		7E1ED85E2A40917600C777F3 /* WebModel.swift in Sources */ = {isa = PBXBuildFile; fileRef = 7E1ED85D2A40917600C777F3 /* WebModel.swift */; };
		7E1ED8602A40918400C777F3 /* WebViewContainer.swift in Sources */ = {isa = PBXBuildFile; fileRef = 7E1ED85F2A40918400C777F3 /* WebViewContainer.swift */; };
		7E1ED8622A40919100C777F3 /* WebViewModel.swift in Sources */ = {isa = PBXBuildFile; fileRef = 7E1ED8612A40919100C777F3 /* WebViewModel.swift */; };
		7E1ED8642A40945A00C777F3 /* FirstLoanView.swift in Sources */ = {isa = PBXBuildFile; fileRef = 7E1ED8632A40945A00C777F3 /* FirstLoanView.swift */; };
		7E1ED8682A40948A00C777F3 /* NetworkModel.swift in Sources */ = {isa = PBXBuildFile; fileRef = 7E1ED8672A40948A00C777F3 /* NetworkModel.swift */; };
		7E1ED86A2A40949800C777F3 /* NetworkService.swift in Sources */ = {isa = PBXBuildFile; fileRef = 7E1ED8692A40949800C777F3 /* NetworkService.swift */; };
		7E1ED86C2A40950600C777F3 /* Colors+init.swift in Sources */ = {isa = PBXBuildFile; fileRef = 7E1ED86B2A40950600C777F3 /* Colors+init.swift */; };
		7E1ED86E2A40951200C777F3 /* View+init.swift in Sources */ = {isa = PBXBuildFile; fileRef = 7E1ED86D2A40951200C777F3 /* View+init.swift */; };
		7E1ED8702A40952400C777F3 /* WebViewContainer+init.swift in Sources */ = {isa = PBXBuildFile; fileRef = 7E1ED86F2A40952400C777F3 /* WebViewContainer+init.swift */; };
		7E1ED8722A40954100C777F3 /* TextFieldsModifier.swift in Sources */ = {isa = PBXBuildFile; fileRef = 7E1ED8712A40954100C777F3 /* TextFieldsModifier.swift */; };
		7E1ED8782A4099A900C777F3 /* AppsFlyerLib in Frameworks */ = {isa = PBXBuildFile; productRef = 7E1ED8772A4099A900C777F3 /* AppsFlyerLib */; };
		7E521C962A4AEDB600EB4BD5 /* LoanListView.swift in Sources */ = {isa = PBXBuildFile; fileRef = 7E521C952A4AEDB600EB4BD5 /* LoanListView.swift */; };
		7E521C982A4AEDC600EB4BD5 /* LoanListCellView.swift in Sources */ = {isa = PBXBuildFile; fileRef = 7E521C972A4AEDC600EB4BD5 /* LoanListCellView.swift */; };
		7E521C9A2A4B058300EB4BD5 /* LoanViewModel.swift in Sources */ = {isa = PBXBuildFile; fileRef = 7E521C992A4B058300EB4BD5 /* LoanViewModel.swift */; };
		7E521C9C2A4B7E4000EB4BD5 /* CustomSliderView.swift in Sources */ = {isa = PBXBuildFile; fileRef = 7E521C9B2A4B7E4000EB4BD5 /* CustomSliderView.swift */; };
		7E6A6F062A4B949C00C48F79 /* LoanModel.swift in Sources */ = {isa = PBXBuildFile; fileRef = 7E6A6F052A4B949C00C48F79 /* LoanModel.swift */; };
		7E859C422A617D8500428562 /* InfoView.swift in Sources */ = {isa = PBXBuildFile; fileRef = 7E859C412A617D8500428562 /* InfoView.swift */; };
		7E92EE412A52DC5400BCAD8F /* String+Localizable.swift in Sources */ = {isa = PBXBuildFile; fileRef = 7E92EE402A52DC5400BCAD8F /* String+Localizable.swift */; };
		7E92EE492A52FCA700BCAD8F /* Localizable.strings in Resources */ = {isa = PBXBuildFile; fileRef = 7E92EE4B2A52FCA700BCAD8F /* Localizable.strings */; };
		7EB4E8152A72D6FE00DE813F /* InputMask in Frameworks */ = {isa = PBXBuildFile; productRef = 7EB4E8142A72D6FE00DE813F /* InputMask */; };
		7EB4E8172A72DF0800DE813F /* LoanRulesView.swift in Sources */ = {isa = PBXBuildFile; fileRef = 7EB4E8162A72DF0800DE813F /* LoanRulesView.swift */; };
		7EFB943E2A4C8772005FB661 /* UIApplication+Init.swift in Sources */ = {isa = PBXBuildFile; fileRef = 7EFB943D2A4C8772005FB661 /* UIApplication+Init.swift */; };
		9AE6FD252A40A4D900194820 /* NotificationService.swift in Sources */ = {isa = PBXBuildFile; fileRef = 9AE6FD242A40A4D900194820 /* NotificationService.swift */; };
		9AE6FD292A40A4D900194820 /* OneSignalNotificationServiceExtension.appex in Embed Foundation Extensions */ = {isa = PBXBuildFile; fileRef = 9AE6FD222A40A4D900194820 /* OneSignalNotificationServiceExtension.appex */; settings = {ATTRIBUTES = (RemoveHeadersOnCopy, ); }; };
		9AE6FD302A40A4EE00194820 /* OneSignal in Frameworks */ = {isa = PBXBuildFile; productRef = 9AE6FD2F2A40A4EE00194820 /* OneSignal */; };
		9AE6FD322A40A4F800194820 /* OneSignalExtension in Frameworks */ = {isa = PBXBuildFile; productRef = 9AE6FD312A40A4F800194820 /* OneSignalExtension */; };
		9AE6FD352A40BED700194820 /* OneSignal in Frameworks */ = {isa = PBXBuildFile; productRef = 9AE6FD342A40BED700194820 /* OneSignal */; };
		9AE6FD372A40BEDC00194820 /* OneSignalExtension in Frameworks */ = {isa = PBXBuildFile; productRef = 9AE6FD362A40BEDC00194820 /* OneSignalExtension */; };
/* End PBXBuildFile section */

/* Begin PBXContainerItemProxy section */
		9AE6FD272A40A4D900194820 /* PBXContainerItemProxy */ = {
			isa = PBXContainerItemProxy;
			containerPortal = 7E1ED8282A408FD900C777F3 /* Project object */;
			proxyType = 1;
			remoteGlobalIDString = 9AE6FD212A40A4D900194820;
			remoteInfo = OneSignalNotificationServiceExtension;
		};
/* End PBXContainerItemProxy section */

/* Begin PBXCopyFilesBuildPhase section */
		9AE6FD2D2A40A4D900194820 /* Embed Foundation Extensions */ = {
			isa = PBXCopyFilesBuildPhase;
			buildActionMask = 2147483647;
			dstPath = "";
			dstSubfolderSpec = 13;
			files = (
				9AE6FD292A40A4D900194820 /* OneSignalNotificationServiceExtension.appex in Embed Foundation Extensions */,
			);
			name = "Embed Foundation Extensions";
			runOnlyForDeploymentPostprocessing = 0;
		};
/* End PBXCopyFilesBuildPhase section */

/* Begin PBXFileReference section */
		7E1E2FA32A5C062300927922 /* info.plist */ = {isa = PBXFileReference; lastKnownFileType = text.plist.xml; path = info.plist; sourceTree = "<group>"; };
		7E1E2FAE2A5C2DAA00927922 /* en */ = {isa = PBXFileReference; lastKnownFileType = text.plist.strings; name = en; path = en.lproj/InfoPlist.strings; sourceTree = "<group>"; };
		7E1E2FB02A5C2DAD00927922 /* ru */ = {isa = PBXFileReference; lastKnownFileType = text.plist.strings; name = ru; path = ru.lproj/InfoPlist.strings; sourceTree = "<group>"; };
		7E1E2FB12A5C2DAD00927922 /* vi */ = {isa = PBXFileReference; lastKnownFileType = text.plist.strings; name = vi; path = vi.lproj/InfoPlist.strings; sourceTree = "<group>"; };
		7E1ED8302A408FD900C777F3 /* Cashio.app */ = {isa = PBXFileReference; explicitFileType = wrapper.application; includeInIndex = 0; path = Cashio.app; sourceTree = BUILT_PRODUCTS_DIR; };
		7E1ED8332A408FD900C777F3 /* MFOAppApp.swift */ = {isa = PBXFileReference; lastKnownFileType = sourcecode.swift; path = MFOAppApp.swift; sourceTree = "<group>"; };
		7E1ED8352A408FD900C777F3 /* ContentView.swift */ = {isa = PBXFileReference; lastKnownFileType = sourcecode.swift; path = ContentView.swift; sourceTree = "<group>"; };
		7E1ED8372A408FDA00C777F3 /* Assets.xcassets */ = {isa = PBXFileReference; lastKnownFileType = folder.assetcatalog; path = Assets.xcassets; sourceTree = "<group>"; };
		7E1ED83A2A408FDA00C777F3 /* Preview Assets.xcassets */ = {isa = PBXFileReference; lastKnownFileType = folder.assetcatalog; path = "Preview Assets.xcassets"; sourceTree = "<group>"; };
		7E1ED84F2A4090E300C777F3 /* LoadView.swift */ = {isa = PBXFileReference; lastKnownFileType = sourcecode.swift; path = LoadView.swift; sourceTree = "<group>"; };
		7E1ED85B2A40916800C777F3 /* CreditCenterWebView.swift */ = {isa = PBXFileReference; lastKnownFileType = sourcecode.swift; path = CreditCenterWebView.swift; sourceTree = "<group>"; };
		7E1ED85D2A40917600C777F3 /* WebModel.swift */ = {isa = PBXFileReference; lastKnownFileType = sourcecode.swift; path = WebModel.swift; sourceTree = "<group>"; };
		7E1ED85F2A40918400C777F3 /* WebViewContainer.swift */ = {isa = PBXFileReference; lastKnownFileType = sourcecode.swift; path = WebViewContainer.swift; sourceTree = "<group>"; };
		7E1ED8612A40919100C777F3 /* WebViewModel.swift */ = {isa = PBXFileReference; lastKnownFileType = sourcecode.swift; path = WebViewModel.swift; sourceTree = "<group>"; };
		7E1ED8632A40945A00C777F3 /* FirstLoanView.swift */ = {isa = PBXFileReference; lastKnownFileType = sourcecode.swift; path = FirstLoanView.swift; sourceTree = "<group>"; };
		7E1ED8672A40948A00C777F3 /* NetworkModel.swift */ = {isa = PBXFileReference; lastKnownFileType = sourcecode.swift; path = NetworkModel.swift; sourceTree = "<group>"; };
		7E1ED8692A40949800C777F3 /* NetworkService.swift */ = {isa = PBXFileReference; lastKnownFileType = sourcecode.swift; path = NetworkService.swift; sourceTree = "<group>"; };
		7E1ED86B2A40950600C777F3 /* Colors+init.swift */ = {isa = PBXFileReference; lastKnownFileType = sourcecode.swift; path = "Colors+init.swift"; sourceTree = "<group>"; };
		7E1ED86D2A40951200C777F3 /* View+init.swift */ = {isa = PBXFileReference; lastKnownFileType = sourcecode.swift; path = "View+init.swift"; sourceTree = "<group>"; };
		7E1ED86F2A40952400C777F3 /* WebViewContainer+init.swift */ = {isa = PBXFileReference; lastKnownFileType = sourcecode.swift; path = "WebViewContainer+init.swift"; sourceTree = "<group>"; };
		7E1ED8712A40954100C777F3 /* TextFieldsModifier.swift */ = {isa = PBXFileReference; lastKnownFileType = sourcecode.swift; path = TextFieldsModifier.swift; sourceTree = "<group>"; };
		7E521C952A4AEDB600EB4BD5 /* LoanListView.swift */ = {isa = PBXFileReference; lastKnownFileType = sourcecode.swift; path = LoanListView.swift; sourceTree = "<group>"; };
		7E521C972A4AEDC600EB4BD5 /* LoanListCellView.swift */ = {isa = PBXFileReference; lastKnownFileType = sourcecode.swift; path = LoanListCellView.swift; sourceTree = "<group>"; };
		7E521C992A4B058300EB4BD5 /* LoanViewModel.swift */ = {isa = PBXFileReference; lastKnownFileType = sourcecode.swift; path = LoanViewModel.swift; sourceTree = "<group>"; };
		7E521C9B2A4B7E4000EB4BD5 /* CustomSliderView.swift */ = {isa = PBXFileReference; lastKnownFileType = sourcecode.swift; path = CustomSliderView.swift; sourceTree = "<group>"; };
		7E6A6F052A4B949C00C48F79 /* LoanModel.swift */ = {isa = PBXFileReference; lastKnownFileType = sourcecode.swift; path = LoanModel.swift; sourceTree = "<group>"; };
		7E859C412A617D8500428562 /* InfoView.swift */ = {isa = PBXFileReference; lastKnownFileType = sourcecode.swift; path = InfoView.swift; sourceTree = "<group>"; };
		7E92EE402A52DC5400BCAD8F /* String+Localizable.swift */ = {isa = PBXFileReference; lastKnownFileType = sourcecode.swift; path = "String+Localizable.swift"; sourceTree = "<group>"; };
		7E92EE4A2A52FCA700BCAD8F /* en */ = {isa = PBXFileReference; lastKnownFileType = text.plist.strings; name = en; path = en.lproj/Localizable.strings; sourceTree = "<group>"; };
		7E92EE4C2A52FCE200BCAD8F /* vi */ = {isa = PBXFileReference; lastKnownFileType = text.plist.strings; name = vi; path = vi.lproj/Localizable.strings; sourceTree = "<group>"; };
		7E92EE4D2A52FD0C00BCAD8F /* ru */ = {isa = PBXFileReference; lastKnownFileType = text.plist.strings; name = ru; path = ru.lproj/Localizable.strings; sourceTree = "<group>"; };
		7EB4E8162A72DF0800DE813F /* LoanRulesView.swift */ = {isa = PBXFileReference; lastKnownFileType = sourcecode.swift; path = LoanRulesView.swift; sourceTree = "<group>"; };
		7EFB943D2A4C8772005FB661 /* UIApplication+Init.swift */ = {isa = PBXFileReference; lastKnownFileType = sourcecode.swift; path = "UIApplication+Init.swift"; sourceTree = "<group>"; };
		9AE6FD1D2A40A42E00194820 /* MFOApp.entitlements */ = {isa = PBXFileReference; lastKnownFileType = text.plist.entitlements; path = MFOApp.entitlements; sourceTree = "<group>"; };
		9AE6FD222A40A4D900194820 /* OneSignalNotificationServiceExtension.appex */ = {isa = PBXFileReference; explicitFileType = "wrapper.app-extension"; includeInIndex = 0; path = OneSignalNotificationServiceExtension.appex; sourceTree = BUILT_PRODUCTS_DIR; };
		9AE6FD242A40A4D900194820 /* NotificationService.swift */ = {isa = PBXFileReference; lastKnownFileType = sourcecode.swift; path = NotificationService.swift; sourceTree = "<group>"; };
		9AE6FD262A40A4D900194820 /* Info.plist */ = {isa = PBXFileReference; lastKnownFileType = text.plist.xml; path = Info.plist; sourceTree = "<group>"; };
/* End PBXFileReference section */

/* Begin PBXFrameworksBuildPhase section */
		7E1ED82D2A408FD900C777F3 /* Frameworks */ = {
			isa = PBXFrameworksBuildPhase;
			buildActionMask = 2147483647;
			files = (
				7E1ED8782A4099A900C777F3 /* AppsFlyerLib in Frameworks */,
				9AE6FD352A40BED700194820 /* OneSignal in Frameworks */,
				7EB4E8152A72D6FE00DE813F /* InputMask in Frameworks */,
				9AE6FD372A40BEDC00194820 /* OneSignalExtension in Frameworks */,
			);
			runOnlyForDeploymentPostprocessing = 0;
		};
		9AE6FD1F2A40A4D900194820 /* Frameworks */ = {
			isa = PBXFrameworksBuildPhase;
			buildActionMask = 2147483647;
			files = (
				9AE6FD302A40A4EE00194820 /* OneSignal in Frameworks */,
				9AE6FD322A40A4F800194820 /* OneSignalExtension in Frameworks */,
			);
			runOnlyForDeploymentPostprocessing = 0;
		};
/* End PBXFrameworksBuildPhase section */

/* Begin PBXGroup section */
		7E1ED8272A408FD900C777F3 = {
			isa = PBXGroup;
			children = (
				7E92EE4B2A52FCA700BCAD8F /* Localizable.strings */,
				7E1ED8322A408FD900C777F3 /* MFOApp */,
				9AE6FD232A40A4D900194820 /* OneSignalNotificationServiceExtension */,
				7E1ED8312A408FD900C777F3 /* Products */,
				9AE6FD2E2A40A4EE00194820 /* Frameworks */,
			);
			sourceTree = "<group>";
		};
		7E1ED8312A408FD900C777F3 /* Products */ = {
			isa = PBXGroup;
			children = (
				7E1ED8302A408FD900C777F3 /* Cashio.app */,
				9AE6FD222A40A4D900194820 /* OneSignalNotificationServiceExtension.appex */,
			);
			name = Products;
			sourceTree = "<group>";
		};
		7E1ED8322A408FD900C777F3 /* MFOApp */ = {
			isa = PBXGroup;
			children = (
				9AE6FD1D2A40A42E00194820 /* MFOApp.entitlements */,
				7E1E2FA32A5C062300927922 /* info.plist */,
				7E1E2FAF2A5C2DAA00927922 /* InfoPlist.strings */,
				7E1ED8432A40901E00C777F3 /* NetworkService */,
				7E1ED8422A40901500C777F3 /* Features */,
				7E1ED8412A40900500C777F3 /* CommonUI */,
				7E1ED8332A408FD900C777F3 /* MFOAppApp.swift */,
				7E1ED8352A408FD900C777F3 /* ContentView.swift */,
				7E1ED8372A408FDA00C777F3 /* Assets.xcassets */,
				7E1ED8392A408FDA00C777F3 /* Preview Content */,
			);
			path = MFOApp;
			sourceTree = "<group>";
		};
		7E1ED8392A408FDA00C777F3 /* Preview Content */ = {
			isa = PBXGroup;
			children = (
				7E1ED83A2A408FDA00C777F3 /* Preview Assets.xcassets */,
			);
			path = "Preview Content";
			sourceTree = "<group>";
		};
		7E1ED8412A40900500C777F3 /* CommonUI */ = {
			isa = PBXGroup;
			children = (
				7E1ED8452A40903F00C777F3 /* Extension */,
				7E1ED8442A40903300C777F3 /* CustomUIComponents */,
			);
			path = CommonUI;
			sourceTree = "<group>";
		};
		7E1ED8422A40901500C777F3 /* Features */ = {
			isa = PBXGroup;
			children = (
				7E859C402A617D7400428562 /* Information */,
				7E521C942A4AED9B00EB4BD5 /* LoanList */,
				7E1ED8492A40907B00C777F3 /* LoanFeature */,
				7E1ED8482A40907100C777F3 /* CreditWebView */,
			);
			path = Features;
			sourceTree = "<group>";
		};
		7E1ED8432A40901E00C777F3 /* NetworkService */ = {
			isa = PBXGroup;
			children = (
				7E1ED8672A40948A00C777F3 /* NetworkModel.swift */,
				7E1ED8692A40949800C777F3 /* NetworkService.swift */,
			);
			path = NetworkService;
			sourceTree = "<group>";
		};
		7E1ED8442A40903300C777F3 /* CustomUIComponents */ = {
			isa = PBXGroup;
			children = (
				7E1ED8712A40954100C777F3 /* TextFieldsModifier.swift */,
			);
			path = CustomUIComponents;
			sourceTree = "<group>";
		};
		7E1ED8452A40903F00C777F3 /* Extension */ = {
			isa = PBXGroup;
			children = (
				7E1ED86B2A40950600C777F3 /* Colors+init.swift */,
				7E1ED86D2A40951200C777F3 /* View+init.swift */,
				7E1ED86F2A40952400C777F3 /* WebViewContainer+init.swift */,
				7E521C9B2A4B7E4000EB4BD5 /* CustomSliderView.swift */,
				7EFB943D2A4C8772005FB661 /* UIApplication+Init.swift */,
				7E92EE402A52DC5400BCAD8F /* String+Localizable.swift */,
			);
			path = Extension;
			sourceTree = "<group>";
		};
		7E1ED8482A40907100C777F3 /* CreditWebView */ = {
			isa = PBXGroup;
			children = (
				7E1ED85B2A40916800C777F3 /* CreditCenterWebView.swift */,
				7E1ED85D2A40917600C777F3 /* WebModel.swift */,
				7E1ED85F2A40918400C777F3 /* WebViewContainer.swift */,
				7E1ED8612A40919100C777F3 /* WebViewModel.swift */,
			);
			path = CreditWebView;
			sourceTree = "<group>";
		};
		7E1ED8492A40907B00C777F3 /* LoanFeature */ = {
			isa = PBXGroup;
			children = (
				7E1ED8632A40945A00C777F3 /* FirstLoanView.swift */,
				7E521C992A4B058300EB4BD5 /* LoanViewModel.swift */,
				7E1ED84F2A4090E300C777F3 /* LoadView.swift */,
			);
			path = LoanFeature;
			sourceTree = "<group>";
		};
		7E521C942A4AED9B00EB4BD5 /* LoanList */ = {
			isa = PBXGroup;
			children = (
				7E521C952A4AEDB600EB4BD5 /* LoanListView.swift */,
				7E521C972A4AEDC600EB4BD5 /* LoanListCellView.swift */,
				7E6A6F052A4B949C00C48F79 /* LoanModel.swift */,
				7EB4E8162A72DF0800DE813F /* LoanRulesView.swift */,
			);
			path = LoanList;
			sourceTree = "<group>";
		};
		7E859C402A617D7400428562 /* Information */ = {
			isa = PBXGroup;
			children = (
				7E859C412A617D8500428562 /* InfoView.swift */,
			);
			path = Information;
			sourceTree = "<group>";
		};
		9AE6FD232A40A4D900194820 /* OneSignalNotificationServiceExtension */ = {
			isa = PBXGroup;
			children = (
				9AE6FD242A40A4D900194820 /* NotificationService.swift */,
				9AE6FD262A40A4D900194820 /* Info.plist */,
			);
			path = OneSignalNotificationServiceExtension;
			sourceTree = "<group>";
		};
		9AE6FD2E2A40A4EE00194820 /* Frameworks */ = {
			isa = PBXGroup;
			children = (
			);
			name = Frameworks;
			sourceTree = "<group>";
		};
/* End PBXGroup section */

/* Begin PBXNativeTarget section */
		7E1ED82F2A408FD900C777F3 /* MFOApp */ = {
			isa = PBXNativeTarget;
			buildConfigurationList = 7E1ED83E2A408FDA00C777F3 /* Build configuration list for PBXNativeTarget "MFOApp" */;
			buildPhases = (
				7E1ED82C2A408FD900C777F3 /* Sources */,
				7E1ED82D2A408FD900C777F3 /* Frameworks */,
				7E1ED82E2A408FD900C777F3 /* Resources */,
				9AE6FD2D2A40A4D900194820 /* Embed Foundation Extensions */,
			);
			buildRules = (
			);
			dependencies = (
				9AE6FD282A40A4D900194820 /* PBXTargetDependency */,
			);
			name = MFOApp;
			packageProductDependencies = (
				7E1ED8772A4099A900C777F3 /* AppsFlyerLib */,
				9AE6FD342A40BED700194820 /* OneSignal */,
				9AE6FD362A40BEDC00194820 /* OneSignalExtension */,
				7EB4E8142A72D6FE00DE813F /* InputMask */,
			);
			productName = MFOApp;
			productReference = 7E1ED8302A408FD900C777F3 /* Cashio.app */;
			productType = "com.apple.product-type.application";
		};
		9AE6FD212A40A4D900194820 /* OneSignalNotificationServiceExtension */ = {
			isa = PBXNativeTarget;
			buildConfigurationList = 9AE6FD2A2A40A4D900194820 /* Build configuration list for PBXNativeTarget "OneSignalNotificationServiceExtension" */;
			buildPhases = (
				9AE6FD1E2A40A4D900194820 /* Sources */,
				9AE6FD1F2A40A4D900194820 /* Frameworks */,
				9AE6FD202A40A4D900194820 /* Resources */,
			);
			buildRules = (
			);
			dependencies = (
			);
			name = OneSignalNotificationServiceExtension;
			packageProductDependencies = (
				9AE6FD2F2A40A4EE00194820 /* OneSignal */,
				9AE6FD312A40A4F800194820 /* OneSignalExtension */,
			);
			productName = OneSignalNotificationServiceExtension;
			productReference = 9AE6FD222A40A4D900194820 /* OneSignalNotificationServiceExtension.appex */;
			productType = "com.apple.product-type.app-extension";
		};
/* End PBXNativeTarget section */

/* Begin PBXProject section */
		7E1ED8282A408FD900C777F3 /* Project object */ = {
			isa = PBXProject;
			attributes = {
				BuildIndependentTargetsInParallel = 1;
				LastSwiftUpdateCheck = 1430;
				LastUpgradeCheck = 1430;
				TargetAttributes = {
					7E1ED82F2A408FD900C777F3 = {
						CreatedOnToolsVersion = 14.3;
					};
					9AE6FD212A40A4D900194820 = {
						CreatedOnToolsVersion = 14.3;
					};
				};
			};
			buildConfigurationList = 7E1ED82B2A408FD900C777F3 /* Build configuration list for PBXProject "MFOApp" */;
			compatibilityVersion = "Xcode 14.0";
			developmentRegion = en;
			hasScannedForEncodings = 0;
			knownRegions = (
				en,
				vi,
				ru,
				Base,
			);
			mainGroup = 7E1ED8272A408FD900C777F3;
			packageReferences = (
				7E1ED8762A4099A900C777F3 /* XCRemoteSwiftPackageReference "AppsFlyerFramework" */,
				7E1ED8792A4099C900C777F3 /* XCRemoteSwiftPackageReference "OneSignal-XCFramework" */,
				7EB4E8132A72D6FE00DE813F /* XCRemoteSwiftPackageReference "input-mask-ios" */,
			);
			productRefGroup = 7E1ED8312A408FD900C777F3 /* Products */;
			projectDirPath = "";
			projectRoot = "";
			targets = (
				7E1ED82F2A408FD900C777F3 /* MFOApp */,
				9AE6FD212A40A4D900194820 /* OneSignalNotificationServiceExtension */,
			);
		};
/* End PBXProject section */

/* Begin PBXResourcesBuildPhase section */
		7E1ED82E2A408FD900C777F3 /* Resources */ = {
			isa = PBXResourcesBuildPhase;
			buildActionMask = 2147483647;
			files = (
				7E1ED83B2A408FDA00C777F3 /* Preview Assets.xcassets in Resources */,
				7E1E2FAD2A5C2DAA00927922 /* InfoPlist.strings in Resources */,
				7E92EE492A52FCA700BCAD8F /* Localizable.strings in Resources */,
				7E1ED8382A408FDA00C777F3 /* Assets.xcassets in Resources */,
			);
			runOnlyForDeploymentPostprocessing = 0;
		};
		9AE6FD202A40A4D900194820 /* Resources */ = {
			isa = PBXResourcesBuildPhase;
			buildActionMask = 2147483647;
			files = (
			);
			runOnlyForDeploymentPostprocessing = 0;
		};
/* End PBXResourcesBuildPhase section */

/* Begin PBXSourcesBuildPhase section */
		7E1ED82C2A408FD900C777F3 /* Sources */ = {
			isa = PBXSourcesBuildPhase;
			buildActionMask = 2147483647;
			files = (
				7E521C962A4AEDB600EB4BD5 /* LoanListView.swift in Sources */,
				7E1ED8622A40919100C777F3 /* WebViewModel.swift in Sources */,
				7E1ED8502A4090E300C777F3 /* LoadView.swift in Sources */,
				7E1ED86E2A40951200C777F3 /* View+init.swift in Sources */,
				7E1ED8602A40918400C777F3 /* WebViewContainer.swift in Sources */,
				7E1ED8362A408FD900C777F3 /* ContentView.swift in Sources */,
				7E521C982A4AEDC600EB4BD5 /* LoanListCellView.swift in Sources */,
				7E1ED86A2A40949800C777F3 /* NetworkService.swift in Sources */,
				7EFB943E2A4C8772005FB661 /* UIApplication+Init.swift in Sources */,
				7E1ED85E2A40917600C777F3 /* WebModel.swift in Sources */,
				7E1ED8682A40948A00C777F3 /* NetworkModel.swift in Sources */,
				7EB4E8172A72DF0800DE813F /* LoanRulesView.swift in Sources */,
				7E1ED8722A40954100C777F3 /* TextFieldsModifier.swift in Sources */,
				7E859C422A617D8500428562 /* InfoView.swift in Sources */,
				7E1ED8342A408FD900C777F3 /* MFOAppApp.swift in Sources */,
				7E521C9C2A4B7E4000EB4BD5 /* CustomSliderView.swift in Sources */,
				7E6A6F062A4B949C00C48F79 /* LoanModel.swift in Sources */,
				7E1ED8702A40952400C777F3 /* WebViewContainer+init.swift in Sources */,
				7E521C9A2A4B058300EB4BD5 /* LoanViewModel.swift in Sources */,
				7E1ED8642A40945A00C777F3 /* FirstLoanView.swift in Sources */,
				7E1ED85C2A40916800C777F3 /* CreditCenterWebView.swift in Sources */,
				7E1ED86C2A40950600C777F3 /* Colors+init.swift in Sources */,
				7E92EE412A52DC5400BCAD8F /* String+Localizable.swift in Sources */,
			);
			runOnlyForDeploymentPostprocessing = 0;
		};
		9AE6FD1E2A40A4D900194820 /* Sources */ = {
			isa = PBXSourcesBuildPhase;
			buildActionMask = 2147483647;
			files = (
				9AE6FD252A40A4D900194820 /* NotificationService.swift in Sources */,
			);
			runOnlyForDeploymentPostprocessing = 0;
		};
/* End PBXSourcesBuildPhase section */

/* Begin PBXTargetDependency section */
		9AE6FD282A40A4D900194820 /* PBXTargetDependency */ = {
			isa = PBXTargetDependency;
			target = 9AE6FD212A40A4D900194820 /* OneSignalNotificationServiceExtension */;
			targetProxy = 9AE6FD272A40A4D900194820 /* PBXContainerItemProxy */;
		};
/* End PBXTargetDependency section */

/* Begin PBXVariantGroup section */
		7E1E2FAF2A5C2DAA00927922 /* InfoPlist.strings */ = {
			isa = PBXVariantGroup;
			children = (
				7E1E2FAE2A5C2DAA00927922 /* en */,
				7E1E2FB02A5C2DAD00927922 /* ru */,
				7E1E2FB12A5C2DAD00927922 /* vi */,
			);
			name = InfoPlist.strings;
			sourceTree = "<group>";
		};
		7E92EE4B2A52FCA700BCAD8F /* Localizable.strings */ = {
			isa = PBXVariantGroup;
			children = (
				7E92EE4A2A52FCA700BCAD8F /* en */,
				7E92EE4C2A52FCE200BCAD8F /* vi */,
				7E92EE4D2A52FD0C00BCAD8F /* ru */,
			);
			name = Localizable.strings;
			sourceTree = "<group>";
		};
/* End PBXVariantGroup section */

/* Begin XCBuildConfiguration section */
		7E1ED83C2A408FDA00C777F3 /* Debug */ = {
			isa = XCBuildConfiguration;
			buildSettings = {
				ALWAYS_SEARCH_USER_PATHS = NO;
				CLANG_ANALYZER_LOCALIZABILITY_NONLOCALIZED = YES;
				CLANG_ANALYZER_NONNULL = YES;
				CLANG_ANALYZER_NUMBER_OBJECT_CONVERSION = YES_AGGRESSIVE;
				CLANG_CXX_LANGUAGE_STANDARD = "gnu++20";
				CLANG_ENABLE_MODULES = YES;
				CLANG_ENABLE_OBJC_ARC = YES;
				CLANG_ENABLE_OBJC_WEAK = YES;
				CLANG_WARN_BLOCK_CAPTURE_AUTORELEASING = YES;
				CLANG_WARN_BOOL_CONVERSION = YES;
				CLANG_WARN_COMMA = YES;
				CLANG_WARN_CONSTANT_CONVERSION = YES;
				CLANG_WARN_DEPRECATED_OBJC_IMPLEMENTATIONS = YES;
				CLANG_WARN_DIRECT_OBJC_ISA_USAGE = YES_ERROR;
				CLANG_WARN_DOCUMENTATION_COMMENTS = YES;
				CLANG_WARN_EMPTY_BODY = YES;
				CLANG_WARN_ENUM_CONVERSION = YES;
				CLANG_WARN_INFINITE_RECURSION = YES;
				CLANG_WARN_INT_CONVERSION = YES;
				CLANG_WARN_NON_LITERAL_NULL_CONVERSION = YES;
				CLANG_WARN_OBJC_IMPLICIT_RETAIN_SELF = YES;
				CLANG_WARN_OBJC_LITERAL_CONVERSION = YES;
				CLANG_WARN_OBJC_ROOT_CLASS = YES_ERROR;
				CLANG_WARN_QUOTED_INCLUDE_IN_FRAMEWORK_HEADER = YES;
				CLANG_WARN_RANGE_LOOP_ANALYSIS = YES;
				CLANG_WARN_STRICT_PROTOTYPES = YES;
				CLANG_WARN_SUSPICIOUS_MOVE = YES;
				CLANG_WARN_UNGUARDED_AVAILABILITY = YES_AGGRESSIVE;
				CLANG_WARN_UNREACHABLE_CODE = YES;
				CLANG_WARN__DUPLICATE_METHOD_MATCH = YES;
				COPY_PHASE_STRIP = NO;
				DEBUG_INFORMATION_FORMAT = dwarf;
				ENABLE_STRICT_OBJC_MSGSEND = YES;
				ENABLE_TESTABILITY = YES;
				GCC_C_LANGUAGE_STANDARD = gnu11;
				GCC_DYNAMIC_NO_PIC = NO;
				GCC_NO_COMMON_BLOCKS = YES;
				GCC_OPTIMIZATION_LEVEL = 0;
				GCC_PREPROCESSOR_DEFINITIONS = (
					"DEBUG=1",
					"$(inherited)",
				);
				GCC_WARN_64_TO_32_BIT_CONVERSION = YES;
				GCC_WARN_ABOUT_RETURN_TYPE = YES_ERROR;
				GCC_WARN_UNDECLARED_SELECTOR = YES;
				GCC_WARN_UNINITIALIZED_AUTOS = YES_AGGRESSIVE;
				GCC_WARN_UNUSED_FUNCTION = YES;
				GCC_WARN_UNUSED_VARIABLE = YES;
				IPHONEOS_DEPLOYMENT_TARGET = 16.4;
				MTL_ENABLE_DEBUG_INFO = INCLUDE_SOURCE;
				MTL_FAST_MATH = YES;
				ONLY_ACTIVE_ARCH = YES;
				PRODUCT_NAME = Cashio;
				SDKROOT = iphoneos;
				SWIFT_ACTIVE_COMPILATION_CONDITIONS = DEBUG;
				SWIFT_OPTIMIZATION_LEVEL = "-Onone";
			};
			name = Debug;
		};
		7E1ED83D2A408FDA00C777F3 /* Release */ = {
			isa = XCBuildConfiguration;
			buildSettings = {
				ALWAYS_SEARCH_USER_PATHS = NO;
				CLANG_ANALYZER_LOCALIZABILITY_NONLOCALIZED = YES;
				CLANG_ANALYZER_NONNULL = YES;
				CLANG_ANALYZER_NUMBER_OBJECT_CONVERSION = YES_AGGRESSIVE;
				CLANG_CXX_LANGUAGE_STANDARD = "gnu++20";
				CLANG_ENABLE_MODULES = YES;
				CLANG_ENABLE_OBJC_ARC = YES;
				CLANG_ENABLE_OBJC_WEAK = YES;
				CLANG_WARN_BLOCK_CAPTURE_AUTORELEASING = YES;
				CLANG_WARN_BOOL_CONVERSION = YES;
				CLANG_WARN_COMMA = YES;
				CLANG_WARN_CONSTANT_CONVERSION = YES;
				CLANG_WARN_DEPRECATED_OBJC_IMPLEMENTATIONS = YES;
				CLANG_WARN_DIRECT_OBJC_ISA_USAGE = YES_ERROR;
				CLANG_WARN_DOCUMENTATION_COMMENTS = YES;
				CLANG_WARN_EMPTY_BODY = YES;
				CLANG_WARN_ENUM_CONVERSION = YES;
				CLANG_WARN_INFINITE_RECURSION = YES;
				CLANG_WARN_INT_CONVERSION = YES;
				CLANG_WARN_NON_LITERAL_NULL_CONVERSION = YES;
				CLANG_WARN_OBJC_IMPLICIT_RETAIN_SELF = YES;
				CLANG_WARN_OBJC_LITERAL_CONVERSION = YES;
				CLANG_WARN_OBJC_ROOT_CLASS = YES_ERROR;
				CLANG_WARN_QUOTED_INCLUDE_IN_FRAMEWORK_HEADER = YES;
				CLANG_WARN_RANGE_LOOP_ANALYSIS = YES;
				CLANG_WARN_STRICT_PROTOTYPES = YES;
				CLANG_WARN_SUSPICIOUS_MOVE = YES;
				CLANG_WARN_UNGUARDED_AVAILABILITY = YES_AGGRESSIVE;
				CLANG_WARN_UNREACHABLE_CODE = YES;
				CLANG_WARN__DUPLICATE_METHOD_MATCH = YES;
				COPY_PHASE_STRIP = NO;
				DEBUG_INFORMATION_FORMAT = "dwarf-with-dsym";
				ENABLE_NS_ASSERTIONS = NO;
				ENABLE_STRICT_OBJC_MSGSEND = YES;
				GCC_C_LANGUAGE_STANDARD = gnu11;
				GCC_NO_COMMON_BLOCKS = YES;
				GCC_WARN_64_TO_32_BIT_CONVERSION = YES;
				GCC_WARN_ABOUT_RETURN_TYPE = YES_ERROR;
				GCC_WARN_UNDECLARED_SELECTOR = YES;
				GCC_WARN_UNINITIALIZED_AUTOS = YES_AGGRESSIVE;
				GCC_WARN_UNUSED_FUNCTION = YES;
				GCC_WARN_UNUSED_VARIABLE = YES;
				IPHONEOS_DEPLOYMENT_TARGET = 16.4;
				MTL_ENABLE_DEBUG_INFO = NO;
				MTL_FAST_MATH = YES;
				PRODUCT_NAME = Cashio;
				SDKROOT = iphoneos;
				SWIFT_COMPILATION_MODE = wholemodule;
				SWIFT_OPTIMIZATION_LEVEL = "-O";
				VALIDATE_PRODUCT = YES;
			};
			name = Release;
		};
		7E1ED83F2A408FDA00C777F3 /* Debug */ = {
			isa = XCBuildConfiguration;
			buildSettings = {
				ALWAYS_EMBED_SWIFT_STANDARD_LIBRARIES = YES;
				ASSETCATALOG_COMPILER_APPICON_NAME = AppIcon;
				ASSETCATALOG_COMPILER_GLOBAL_ACCENT_COLOR_NAME = AccentColor;
				CODE_SIGN_ENTITLEMENTS = MFOApp/MFOApp.entitlements;
				CODE_SIGN_STYLE = Automatic;
				CURRENT_PROJECT_VERSION = 3;
				DEVELOPMENT_ASSET_PATHS = "\"MFOApp/Preview Content\"";
				DEVELOPMENT_TEAM = 2DG4CML53B;
				ENABLE_PREVIEWS = YES;
				GENERATE_INFOPLIST_FILE = YES;
				INFOPLIST_FILE = MFOApp/Info.plist;
				INFOPLIST_KEY_NSCameraUsageDescription = "use camera";
				INFOPLIST_KEY_NSMicrophoneUsageDescription = "use micro";
				INFOPLIST_KEY_NSUserTrackingUsageDescription = "Pressing «Allow» will help to receive more relevant ads content and recommendations";
				INFOPLIST_KEY_UIApplicationSceneManifest_Generation = YES;
				INFOPLIST_KEY_UIApplicationSupportsIndirectInputEvents = YES;
				INFOPLIST_KEY_UISupportedInterfaceOrientations = UIInterfaceOrientationPortrait;
				INFOPLIST_KEY_UISupportedInterfaceOrientations_iPad = "UIInterfaceOrientationLandscapeLeft UIInterfaceOrientationLandscapeRight UIInterfaceOrientationPortrait UIInterfaceOrientationPortraitUpsideDown";
				INFOPLIST_KEY_UIUserInterfaceStyle = Light;
				IPHONEOS_DEPLOYMENT_TARGET = 15.0;
				LD_RUNPATH_SEARCH_PATHS = (
					"$(inherited)",
					"@executable_path/Frameworks",
				);
				MARKETING_VERSION = 1.1;
				PRODUCT_BUNDLE_IDENTIFIER = com.mfoApp.mfoApp;
				PRODUCT_NAME = Cashio;
				SUPPORTED_PLATFORMS = "iphoneos iphonesimulator";
				SUPPORTS_MACCATALYST = NO;
				SUPPORTS_MAC_DESIGNED_FOR_IPHONE_IPAD = YES;
				SWIFT_EMIT_LOC_STRINGS = YES;
				SWIFT_VERSION = 5.0;
				TARGETED_DEVICE_FAMILY = 1;
			};
			name = Debug;
		};
		7E1ED8402A408FDA00C777F3 /* Release */ = {
			isa = XCBuildConfiguration;
			buildSettings = {
				ALWAYS_EMBED_SWIFT_STANDARD_LIBRARIES = YES;
				ASSETCATALOG_COMPILER_APPICON_NAME = AppIcon;
				ASSETCATALOG_COMPILER_GLOBAL_ACCENT_COLOR_NAME = AccentColor;
				CODE_SIGN_ENTITLEMENTS = MFOApp/MFOApp.entitlements;
				CODE_SIGN_STYLE = Automatic;
				CURRENT_PROJECT_VERSION = 3;
				DEVELOPMENT_ASSET_PATHS = "\"MFOApp/Preview Content\"";
				DEVELOPMENT_TEAM = 2DG4CML53B;
				ENABLE_PREVIEWS = YES;
				GENERATE_INFOPLIST_FILE = YES;
				INFOPLIST_FILE = MFOApp/Info.plist;
				INFOPLIST_KEY_NSCameraUsageDescription = "use camera";
				INFOPLIST_KEY_NSMicrophoneUsageDescription = "use micro";
				INFOPLIST_KEY_NSUserTrackingUsageDescription = "Pressing «Allow» will help to receive more relevant ads content and recommendations";
				INFOPLIST_KEY_UIApplicationSceneManifest_Generation = YES;
				INFOPLIST_KEY_UIApplicationSupportsIndirectInputEvents = YES;
				INFOPLIST_KEY_UISupportedInterfaceOrientations = UIInterfaceOrientationPortrait;
				INFOPLIST_KEY_UISupportedInterfaceOrientations_iPad = "UIInterfaceOrientationLandscapeLeft UIInterfaceOrientationLandscapeRight UIInterfaceOrientationPortrait UIInterfaceOrientationPortraitUpsideDown";
				INFOPLIST_KEY_UIUserInterfaceStyle = Light;
				IPHONEOS_DEPLOYMENT_TARGET = 15.0;
				LD_RUNPATH_SEARCH_PATHS = (
					"$(inherited)",
					"@executable_path/Frameworks",
				);
				MARKETING_VERSION = 1.1;
				PRODUCT_BUNDLE_IDENTIFIER = com.mfoApp.mfoApp;
				PRODUCT_NAME = Cashio;
				SUPPORTED_PLATFORMS = "iphoneos iphonesimulator";
				SUPPORTS_MACCATALYST = NO;
				SUPPORTS_MAC_DESIGNED_FOR_IPHONE_IPAD = YES;
				SWIFT_EMIT_LOC_STRINGS = YES;
				SWIFT_VERSION = 5.0;
				TARGETED_DEVICE_FAMILY = 1;
			};
			name = Release;
		};
		9AE6FD2B2A40A4D900194820 /* Debug */ = {
			isa = XCBuildConfiguration;
			buildSettings = {
				APPLICATION_EXTENSION_API_ONLY = YES;
				CODE_SIGN_STYLE = Automatic;
				CURRENT_PROJECT_VERSION = 3;
				DEVELOPMENT_TEAM = 2DG4CML53B;
				GENERATE_INFOPLIST_FILE = YES;
				INFOPLIST_FILE = OneSignalNotificationServiceExtension/Info.plist;
				INFOPLIST_KEY_CFBundleDisplayName = OneSignalNotificationServiceExtension;
				INFOPLIST_KEY_NSHumanReadableCopyright = "";
				LD_RUNPATH_SEARCH_PATHS = (
					"$(inherited)",
					"@executable_path/Frameworks",
					"@executable_path/../../Frameworks",
				);
				MARKETING_VERSION = 1.1;
				PRODUCT_BUNDLE_IDENTIFIER = com.mfoApp.mfoApp.OneSignalNotificationServiceExtension;
				PRODUCT_NAME = "$(TARGET_NAME)";
				SKIP_INSTALL = YES;
				SWIFT_EMIT_LOC_STRINGS = YES;
				SWIFT_VERSION = 5.0;
				TARGETED_DEVICE_FAMILY = "1,2";
			};
			name = Debug;
		};
		9AE6FD2C2A40A4D900194820 /* Release */ = {
			isa = XCBuildConfiguration;
			buildSettings = {
				APPLICATION_EXTENSION_API_ONLY = YES;
				CODE_SIGN_STYLE = Automatic;
				CURRENT_PROJECT_VERSION = 3;
				DEVELOPMENT_TEAM = 2DG4CML53B;
				GENERATE_INFOPLIST_FILE = YES;
				INFOPLIST_FILE = OneSignalNotificationServiceExtension/Info.plist;
				INFOPLIST_KEY_CFBundleDisplayName = OneSignalNotificationServiceExtension;
				INFOPLIST_KEY_NSHumanReadableCopyright = "";
				LD_RUNPATH_SEARCH_PATHS = (
					"$(inherited)",
					"@executable_path/Frameworks",
					"@executable_path/../../Frameworks",
				);
				MARKETING_VERSION = 1.1;
				PRODUCT_BUNDLE_IDENTIFIER = com.mfoApp.mfoApp.OneSignalNotificationServiceExtension;
				PRODUCT_NAME = "$(TARGET_NAME)";
				SKIP_INSTALL = YES;
				SWIFT_EMIT_LOC_STRINGS = YES;
				SWIFT_VERSION = 5.0;
				TARGETED_DEVICE_FAMILY = "1,2";
			};
			name = Release;
		};
/* End XCBuildConfiguration section */

/* Begin XCConfigurationList section */
		7E1ED82B2A408FD900C777F3 /* Build configuration list for PBXProject "MFOApp" */ = {
			isa = XCConfigurationList;
			buildConfigurations = (
				7E1ED83C2A408FDA00C777F3 /* Debug */,
				7E1ED83D2A408FDA00C777F3 /* Release */,
			);
			defaultConfigurationIsVisible = 0;
			defaultConfigurationName = Release;
		};
		7E1ED83E2A408FDA00C777F3 /* Build configuration list for PBXNativeTarget "MFOApp" */ = {
			isa = XCConfigurationList;
			buildConfigurations = (
				7E1ED83F2A408FDA00C777F3 /* Debug */,
				7E1ED8402A408FDA00C777F3 /* Release */,
			);
			defaultConfigurationIsVisible = 0;
			defaultConfigurationName = Release;
		};
		9AE6FD2A2A40A4D900194820 /* Build configuration list for PBXNativeTarget "OneSignalNotificationServiceExtension" */ = {
			isa = XCConfigurationList;
			buildConfigurations = (
				9AE6FD2B2A40A4D900194820 /* Debug */,
				9AE6FD2C2A40A4D900194820 /* Release */,
			);
			defaultConfigurationIsVisible = 0;
			defaultConfigurationName = Release;
		};
/* End XCConfigurationList section */

/* Begin XCRemoteSwiftPackageReference section */
		7E1ED8762A4099A900C777F3 /* XCRemoteSwiftPackageReference "AppsFlyerFramework" */ = {
			isa = XCRemoteSwiftPackageReference;
			repositoryURL = "https://github.com/AppsFlyerSDK/AppsFlyerFramework";
			requirement = {
				kind = upToNextMinorVersion;
				minimumVersion = 6.11.0;
			};
		};
		7E1ED8792A4099C900C777F3 /* XCRemoteSwiftPackageReference "OneSignal-XCFramework" */ = {
			isa = XCRemoteSwiftPackageReference;
			repositoryURL = "https://github.com/OneSignal/OneSignal-XCFramework";
			requirement = {
				kind = upToNextMinorVersion;
				minimumVersion = 3.12.0;
			};
		};
		7EB4E8132A72D6FE00DE813F /* XCRemoteSwiftPackageReference "input-mask-ios" */ = {
			isa = XCRemoteSwiftPackageReference;
			repositoryURL = "https://github.com/RedMadRobot/input-mask-ios";
			requirement = {
				kind = upToNextMajorVersion;
				minimumVersion = 7.0.0;
			};
		};
/* End XCRemoteSwiftPackageReference section */

/* Begin XCSwiftPackageProductDependency section */
		7E1ED8772A4099A900C777F3 /* AppsFlyerLib */ = {
			isa = XCSwiftPackageProductDependency;
			package = 7E1ED8762A4099A900C777F3 /* XCRemoteSwiftPackageReference "AppsFlyerFramework" */;
			productName = AppsFlyerLib;
		};
		7EB4E8142A72D6FE00DE813F /* InputMask */ = {
			isa = XCSwiftPackageProductDependency;
			package = 7EB4E8132A72D6FE00DE813F /* XCRemoteSwiftPackageReference "input-mask-ios" */;
			productName = InputMask;
		};
		9AE6FD2F2A40A4EE00194820 /* OneSignal */ = {
			isa = XCSwiftPackageProductDependency;
			package = 7E1ED8792A4099C900C777F3 /* XCRemoteSwiftPackageReference "OneSignal-XCFramework" */;
			productName = OneSignal;
		};
		9AE6FD312A40A4F800194820 /* OneSignalExtension */ = {
			isa = XCSwiftPackageProductDependency;
			package = 7E1ED8792A4099C900C777F3 /* XCRemoteSwiftPackageReference "OneSignal-XCFramework" */;
			productName = OneSignalExtension;
		};
		9AE6FD342A40BED700194820 /* OneSignal */ = {
			isa = XCSwiftPackageProductDependency;
			package = 7E1ED8792A4099C900C777F3 /* XCRemoteSwiftPackageReference "OneSignal-XCFramework" */;
			productName = OneSignal;
		};
		9AE6FD362A40BEDC00194820 /* OneSignalExtension */ = {
			isa = XCSwiftPackageProductDependency;
			package = 7E1ED8792A4099C900C777F3 /* XCRemoteSwiftPackageReference "OneSignal-XCFramework" */;
			productName = OneSignalExtension;
		};
/* End XCSwiftPackageProductDependency section */
	};
	rootObject = 7E1ED8282A408FD900C777F3 /* Project object */;
}
