{
  "pins" : [
    {
      "identity" : "appsflyerframework",
      "kind" : "remoteSourceControl",
      "location" : "https://github.com/AppsFlyerSDK/AppsFlyerFramework",
      "state" : {
        "revision" : "ccb55ee7eb8f4537310e4beeed8be16e6bf88d06",
        "version" : "6.11.2"
      }
    },
    {
      "identity" : "input-mask-ios",
      "kind" : "remoteSourceControl",
      "location" : "https://github.com/RedMadRobot/input-mask-ios",
      "state" : {
        "revision" : "b492f115cc8b3aeb1b6395b4c4157d6bba1fceab",
        "version" : "7.3.2"
      }
    },
    {
      "identity" : "onesignal-xcframework",
      "kind" : "remoteSourceControl",
      "location" : "https://github.com/OneSignal/OneSignal-XCFramework",
      "state" : {
        "revision" : "091f9c572b4a522f93cd1d4f2f524e3818a253f2",
        "version" : "3.12.5"
      }
    }
  ],
  "version" : 2
}
